PODS:
  - AccessibilitySnapshot (0.5.0):
    - AccessibilitySnapshot/Core (= 0.5.0)
    - AccessibilitySnapshot/SnapshotTesting (= 0.5.0)
  - AccessibilitySnapshot/Core (0.5.0)
  - AccessibilitySnapshot/SnapshotTesting (0.5.0):
    - AccessibilitySnapshot/Core
    - SnapshotTesting (~> 1.0)
  - GliaCoreDependency (1.2)
  - lottie-ios (3.2.3)
  - PureLayout (3.1.9)
  - SalemoveSDK (0.35.4):
    - GliaCoreDependency (= 1.2)
    - TwilioVoice (= 6.3.1)
    - WebRTC-lib (= 96.0.0)
  - SnapshotTesting (1.9.0)
  - SwiftLint (0.50.1)
  - TwilioVoice (6.3.1)
  - WebRTC-lib (96.0.0)

DEPENDENCIES:
  - AccessibilitySnapshot (= 0.5.0)
  - lottie-ios (= 3.2.3)
  - PureLayout (~> 3.1)
  - SalemoveSDK
  - SwiftLint

SPEC REPOS:
  https://github.com/CocoaPods/Specs.git:
    - AccessibilitySnapshot
    - GliaCoreDependency
    - lottie-ios
    - PureLayout
    - SalemoveSDK
    - SnapshotTesting
    - SwiftLint
    - TwilioVoice
    - WebRTC-lib

SPEC CHECKSUMS:
  AccessibilitySnapshot: a91e4a69f870188b51f43863d9fc7269d07cdd93
  GliaCoreDependency: 87b3897f0d85321ecf77f1faa829211ad527e54d
  lottie-ios: c058aeafa76daa4cf64d773554bccc8385d0150e
  PureLayout: 5fb5e5429519627d60d079ccb1eaa7265ce7cf88
  SalemoveSDK: 396d26539bf025d78f34e9aac86789863fd07efd
  SnapshotTesting: 6141c48b6aa76ead61431ca665c14ab9a066c53b
  SwiftLint: 6b0cf1f4d619808dbc16e4fab064ce6fc79f090b
  TwilioVoice: 098a959181d4607921f5822d3c9f13043ea4075b
  WebRTC-lib: 508fe02efa0c1a3a8867082a77d24c9be5d29aeb

PODFILE CHECKSUM: 736beccf74275ed92d808d94c22e05b45498e0d1

COCOAPODS: 1.11.3
