PODS:
  - glia-webrtc/bitcode (0.0.3)
  - PureLayout (3.1.9)
  - SalemoveSDK (0.31.0):
    - glia-webrtc/bitcode (= 0.0.3)
    - TwilioVoice (= 6.2.0)
  - TwilioVoice (6.2.0)

DEPENDENCIES:
  - PureLayout (~> 3.1)
  - SalemoveSDK

SPEC REPOS:
  https://github.com/CocoaPods/Specs.git:
    - glia-webrtc
    - PureLayout
    - TwilioVoice
  https://github.com/salemove/glia-ios-podspecs.git:
    - SalemoveSDK

SPEC CHECKSUMS:
  glia-webrtc: a5c7e59ae752281d19734b4f918db9da39e8009d
  PureLayout: 5fb5e5429519627d60d079ccb1eaa7265ce7cf88
  SalemoveSDK: 8b733d16ea8bb7b7d5b4c534607bd586baf23a33
  TwilioVoice: 5e6fd6b5e99dfec03dcb57331f7e7c77ad79f1f0

PODFILE CHECKSUM: 0350eb43b9010e64660cffdbf5f5d58caccbaab5

COCOAPODS: 1.10.2
